
Microsoft Visual Studio Solution File, Format Version 11.00
# Visual Studio 2010
Project("{2150E333-8FDC-42A3-9474-1A3956D46DE8}") = "Server", "Server", "{97D17D1B-5092-4141-9FC0-7E82E3480542}"
EndProject
Project("{2150E333-8FDC-42A3-9474-1A3956D46DE8}") = "Models", "Models", "{13FAAA63-8B05-45F0-AA37-6421C52772EF}"
EndProject
Project("{2150E333-8FDC-42A3-9474-1A3956D46DE8}") = "IBLL", "IBLL", "{C26426BD-D371-4369-8EEE-D272F6450D5E}"
EndProject
Project("{2150E333-8FDC-42A3-9474-1A3956D46DE8}") = "BLL", "BLL", "{7A56E450-96D4-4662-BA14-5BA42DB7B311}"
EndProject
Project("{2150E333-8FDC-42A3-9474-1A3956D46DE8}") = "IDAL", "IDAL", "{18478F1B-B713-47C2-A6E3-8688DC1027C5}"
EndProject
Project("{2150E333-8FDC-42A3-9474-1A3956D46DE8}") = "DAL", "DAL", "{0E1DE2A1-689F-4FDB-8BA7-923F630148B6}"
EndProject
Project("{2150E333-8FDC-42A3-9474-1A3956D46DE8}") = "Transaction", "Transaction", "{64BD1355-ECFC-4CDD-A169-5608288058EE}"
EndProject
Project("{FAE04EC0-301F-11D3-BF4B-00C04F79EFBC}") = "Transaction", "Transaction\Transaction.csproj", "{201E177A-1577-40D5-8778-9B58560C3BEC}"
EndProject
Project("{FAE04EC0-301F-11D3-BF4B-00C04F79EFBC}") = "IDataAccess", "IDataAccess\IDataAccess.csproj", "{630E4E06-38FF-4429-A1DA-F20E9C9E746B}"
EndProject
Project("{FAE04EC0-301F-11D3-BF4B-00C04F79EFBC}") = "Common.Model", "Common.Model\Common.Model.csproj", "{6FB9D468-7B8F-48F3-AFDF-10445499BC9E}"
EndProject
Project("{FAE04EC0-301F-11D3-BF4B-00C04F79EFBC}") = "BLL", "BLL\BLL.csproj", "{8A6E8822-39C4-470F-AEF5-5779CEB43C0B}"
EndProject
Project("{FAE04EC0-301F-11D3-BF4B-00C04F79EFBC}") = "DAL", "DAL\DAL.csproj", "{FA691B9F-4E93-4B23-B405-B18029249872}"
EndProject
Project("{FAE04EC0-301F-11D3-BF4B-00C04F79EFBC}") = "IBLL", "IBLL\IBLL.csproj", "{526C9CC5-4A18-409A-B629-81637A139824}"
EndProject
Project("{FAE04EC0-301F-11D3-BF4B-00C04F79EFBC}") = "IDAL", "IDAL\IDAL.csproj", "{4CE1F947-85EB-4287-A03A-49EB247535BB}"
EndProject
Project("{FAE04EC0-301F-11D3-BF4B-00C04F79EFBC}") = "Models", "Models\Models.csproj", "{B59D713B-0090-4058-895B-531F302F9FFE}"
EndProject
Project("{FAE04EC0-301F-11D3-BF4B-00C04F79EFBC}") = "WUCSM", "WUCSM\WUCSM.csproj", "{7F31CAD3-A354-47F0-876D-4E630499A579}"
EndProject
Global
	GlobalSection(SubversionScc) = preSolution
		Svn-Managed = True
		Manager = AnkhSVN - Subversion Support for Visual Studio
	EndGlobalSection
	GlobalSection(SolutionConfigurationPlatforms) = preSolution
		Debug|Any CPU = Debug|Any CPU
		Release|Any CPU = Release|Any CPU
	EndGlobalSection
	GlobalSection(ProjectConfigurationPlatforms) = postSolution
		{201E177A-1577-40D5-8778-9B58560C3BEC}.Debug|Any CPU.ActiveCfg = Debug|Any CPU
		{201E177A-1577-40D5-8778-9B58560C3BEC}.Debug|Any CPU.Build.0 = Debug|Any CPU
		{201E177A-1577-40D5-8778-9B58560C3BEC}.Release|Any CPU.ActiveCfg = Release|Any CPU
		{201E177A-1577-40D5-8778-9B58560C3BEC}.Release|Any CPU.Build.0 = Release|Any CPU
		{630E4E06-38FF-4429-A1DA-F20E9C9E746B}.Debug|Any CPU.ActiveCfg = Debug|Any CPU
		{630E4E06-38FF-4429-A1DA-F20E9C9E746B}.Debug|Any CPU.Build.0 = Debug|Any CPU
		{630E4E06-38FF-4429-A1DA-F20E9C9E746B}.Release|Any CPU.ActiveCfg = Release|Any CPU
		{630E4E06-38FF-4429-A1DA-F20E9C9E746B}.Release|Any CPU.Build.0 = Release|Any CPU
		{6FB9D468-7B8F-48F3-AFDF-10445499BC9E}.Debug|Any CPU.ActiveCfg = Debug|Any CPU
		{6FB9D468-7B8F-48F3-AFDF-10445499BC9E}.Debug|Any CPU.Build.0 = Debug|Any CPU
		{6FB9D468-7B8F-48F3-AFDF-10445499BC9E}.Release|Any CPU.ActiveCfg = Release|Any CPU
		{6FB9D468-7B8F-48F3-AFDF-10445499BC9E}.Release|Any CPU.Build.0 = Release|Any CPU
		{8A6E8822-39C4-470F-AEF5-5779CEB43C0B}.Debug|Any CPU.ActiveCfg = Debug|Any CPU
		{8A6E8822-39C4-470F-AEF5-5779CEB43C0B}.Debug|Any CPU.Build.0 = Debug|Any CPU
		{8A6E8822-39C4-470F-AEF5-5779CEB43C0B}.Release|Any CPU.ActiveCfg = Release|Any CPU
		{8A6E8822-39C4-470F-AEF5-5779CEB43C0B}.Release|Any CPU.Build.0 = Release|Any CPU
		{FA691B9F-4E93-4B23-B405-B18029249872}.Debug|Any CPU.ActiveCfg = Debug|Any CPU
		{FA691B9F-4E93-4B23-B405-B18029249872}.Debug|Any CPU.Build.0 = Debug|Any CPU
		{FA691B9F-4E93-4B23-B405-B18029249872}.Release|Any CPU.ActiveCfg = Release|Any CPU
		{FA691B9F-4E93-4B23-B405-B18029249872}.Release|Any CPU.Build.0 = Release|Any CPU
		{526C9CC5-4A18-409A-B629-81637A139824}.Debug|Any CPU.ActiveCfg = Debug|Any CPU
		{526C9CC5-4A18-409A-B629-81637A139824}.Debug|Any CPU.Build.0 = Debug|Any CPU
		{526C9CC5-4A18-409A-B629-81637A139824}.Release|Any CPU.ActiveCfg = Release|Any CPU
		{526C9CC5-4A18-409A-B629-81637A139824}.Release|Any CPU.Build.0 = Release|Any CPU
		{4CE1F947-85EB-4287-A03A-49EB247535BB}.Debug|Any CPU.ActiveCfg = Debug|Any CPU
		{4CE1F947-85EB-4287-A03A-49EB247535BB}.Debug|Any CPU.Build.0 = Debug|Any CPU
		{4CE1F947-85EB-4287-A03A-49EB247535BB}.Release|Any CPU.ActiveCfg = Release|Any CPU
		{4CE1F947-85EB-4287-A03A-49EB247535BB}.Release|Any CPU.Build.0 = Release|Any CPU
		{B59D713B-0090-4058-895B-531F302F9FFE}.Debug|Any CPU.ActiveCfg = Debug|Any CPU
		{B59D713B-0090-4058-895B-531F302F9FFE}.Debug|Any CPU.Build.0 = Debug|Any CPU
		{B59D713B-0090-4058-895B-531F302F9FFE}.Release|Any CPU.ActiveCfg = Release|Any CPU
		{B59D713B-0090-4058-895B-531F302F9FFE}.Release|Any CPU.Build.0 = Release|Any CPU
		{7F31CAD3-A354-47F0-876D-4E630499A579}.Debug|Any CPU.ActiveCfg = Debug|Any CPU
		{7F31CAD3-A354-47F0-876D-4E630499A579}.Debug|Any CPU.Build.0 = Debug|Any CPU
		{7F31CAD3-A354-47F0-876D-4E630499A579}.Release|Any CPU.ActiveCfg = Release|Any CPU
		{7F31CAD3-A354-47F0-876D-4E630499A579}.Release|Any CPU.Build.0 = Release|Any CPU
	EndGlobalSection
	GlobalSection(SolutionProperties) = preSolution
		HideSolutionNode = FALSE
	EndGlobalSection
	GlobalSection(NestedProjects) = preSolution
		{7F31CAD3-A354-47F0-876D-4E630499A579} = {97D17D1B-5092-4141-9FC0-7E82E3480542}
		{6FB9D468-7B8F-48F3-AFDF-10445499BC9E} = {13FAAA63-8B05-45F0-AA37-6421C52772EF}
		{B59D713B-0090-4058-895B-531F302F9FFE} = {13FAAA63-8B05-45F0-AA37-6421C52772EF}
		{526C9CC5-4A18-409A-B629-81637A139824} = {C26426BD-D371-4369-8EEE-D272F6450D5E}
		{0E1DE2A1-689F-4FDB-8BA7-923F630148B6} = {C26426BD-D371-4369-8EEE-D272F6450D5E}
		{8A6E8822-39C4-470F-AEF5-5779CEB43C0B} = {7A56E450-96D4-4662-BA14-5BA42DB7B311}
		{630E4E06-38FF-4429-A1DA-F20E9C9E746B} = {18478F1B-B713-47C2-A6E3-8688DC1027C5}
		{4CE1F947-85EB-4287-A03A-49EB247535BB} = {18478F1B-B713-47C2-A6E3-8688DC1027C5}
		{FA691B9F-4E93-4B23-B405-B18029249872} = {0E1DE2A1-689F-4FDB-8BA7-923F630148B6}
		{201E177A-1577-40D5-8778-9B58560C3BEC} = {64BD1355-ECFC-4CDD-A169-5608288058EE}
	EndGlobalSection
EndGlobal
